github.com/trazyn/uiautomator-go v0.0.2 h1:m3bG00OjLJ9IEGeGJQ7SGcu8ZlWEPPNeNEjuMb7E/Ao=
github.com/trazyn/uiautomator-go v0.0.2/go.mod h1:4cXDkosaPxa11o1f3mXZ9Qk2HpZFXfxea4KGjdzIk1U=
github.com/trazyn/uiautomator-go v0.0.3 h1:hYYLssJp4ra3Fl8gyUu+76gb25Ub0UFUU7rb7QIJlk0=
github.com/trazyn/uiautomator-go v0.0.3/go.mod h1:4cXDkosaPxa11o1f3mXZ9Qk2HpZFXfxea4KGjdzIk1U=
github.com/ulule/deepcopier v0.0.0-20171107155558-ca99b135e50f h1:QatZ4lsJBY3x1+Imst9g95+vUl7m52dqM9Pi4aSMW8w=
github.com/ulule/deepcopier v0.0.0-20171107155558-ca99b135e50f/go.mod h1:BNLmYJ8oMJPIPpNx5968jCyUhwEU1XT3YsuOqtbo5qo=
